
Microsoft Visual Studio Solution File, Format Version 12.00
# Visual Studio Version 17
VisualStudioVersion = 17.1.32421.90
MinimumVisualStudioVersion = 10.0.40219.1
Project("{9A19103F-16F7-4668-BE54-9A1E7A4F7556}") = "DigiKala", "DigiKala\DigiKala.csproj", "{94042140-21FC-4B14-8D99-CCF82FB3D5E3}"
EndProject
Project("{9A19103F-16F7-4668-BE54-9A1E7A4F7556}") = "DigiKala.Data", "DigiKala.Data\DigiKala.Data.csproj", "{63F9EAF8-2A77-4C82-8E51-45F13A98FE63}"
EndProject
Project("{9A19103F-16F7-4668-BE54-9A1E7A4F7556}") = "DigiKala.Core", "DigiKala.Core\DigiKala.Core.csproj", "{3528FC31-4237-4887-A8B5-F35BE0DEA6FF}"
EndProject
Project("{9A19103F-16F7-4668-BE54-9A1E7A4F7556}") = "Resources", "Resources\Resources.csproj", "{32288D96-FEAE-4334-8DB4-86E7CED2B793}"
EndProject
Global
	GlobalSection(SolutionConfigurationPlatforms) = preSolution
		Debug|Any CPU = Debug|Any CPU
		Release|Any CPU = Release|Any CPU
	EndGlobalSection
	GlobalSection(ProjectConfigurationPlatforms) = postSolution
		{94042140-21FC-4B14-8D99-CCF82FB3D5E3}.Debug|Any CPU.ActiveCfg = Debug|Any CPU
		{94042140-21FC-4B14-8D99-CCF82FB3D5E3}.Debug|Any CPU.Build.0 = Debug|Any CPU
		{94042140-21FC-4B14-8D99-CCF82FB3D5E3}.Release|Any CPU.ActiveCfg = Release|Any CPU
		{94042140-21FC-4B14-8D99-CCF82FB3D5E3}.Release|Any CPU.Build.0 = Release|Any CPU
		{63F9EAF8-2A77-4C82-8E51-45F13A98FE63}.Debug|Any CPU.ActiveCfg = Debug|Any CPU
		{63F9EAF8-2A77-4C82-8E51-45F13A98FE63}.Debug|Any CPU.Build.0 = Debug|Any CPU
		{63F9EAF8-2A77-4C82-8E51-45F13A98FE63}.Release|Any CPU.ActiveCfg = Release|Any CPU
		{63F9EAF8-2A77-4C82-8E51-45F13A98FE63}.Release|Any CPU.Build.0 = Release|Any CPU
		{3528FC31-4237-4887-A8B5-F35BE0DEA6FF}.Debug|Any CPU.ActiveCfg = Debug|Any CPU
		{3528FC31-4237-4887-A8B5-F35BE0DEA6FF}.Debug|Any CPU.Build.0 = Debug|Any CPU
		{3528FC31-4237-4887-A8B5-F35BE0DEA6FF}.Release|Any CPU.ActiveCfg = Release|Any CPU
		{3528FC31-4237-4887-A8B5-F35BE0DEA6FF}.Release|Any CPU.Build.0 = Release|Any CPU
		{32288D96-FEAE-4334-8DB4-86E7CED2B793}.Debug|Any CPU.ActiveCfg = Debug|Any CPU
		{32288D96-FEAE-4334-8DB4-86E7CED2B793}.Debug|Any CPU.Build.0 = Debug|Any CPU
		{32288D96-FEAE-4334-8DB4-86E7CED2B793}.Release|Any CPU.ActiveCfg = Release|Any CPU
		{32288D96-FEAE-4334-8DB4-86E7CED2B793}.Release|Any CPU.Build.0 = Release|Any CPU
	EndGlobalSection
	GlobalSection(SolutionProperties) = preSolution
		HideSolutionNode = FALSE
	EndGlobalSection
	GlobalSection(ExtensibilityGlobals) = postSolution
		SolutionGuid = {B31C37A4-04E7-4CB6-87C6-5856F7ED3E10}
	EndGlobalSection
EndGlobal
